<?xml version="1.0" encoding="utf-8"?>
<Project ToolsVersion="4.0" xmlns="http://schemas.microsoft.com/developer/msbuild/2003">
  <ItemGroup>
    <ClCompile Include="kokubanCV.cpp" />
    <ClCompile Include="KokubanProject.cpp" />
    <ClCompile Include="SerialWrapper.cpp" />
    <ClCompile Include="KokubanSerial.cpp" />
  </ItemGroup>
  <ItemGroup>
    <ClInclude Include="ayataka\AreaMoveState.h" />
    <ClInclude Include="ayataka\EraserManager.h" />
    <ClInclude Include="ayataka\EraserStateBase.h" />
    <ClInclude Include="ayataka\PointMoveState.h" />
    <ClInclude Include="ayataka\RectangleDetection.h" />
    <ClInclude Include="kokubanCV.h" />
    <ClInclude Include="SerialWrapper.h" />
    <ClInclude Include="KokubanSerial.h" />
  </ItemGroup>
  <ItemGroup>
    <Image Include="sample.png" />
  </ItemGroup>
  <ItemGroup>
    <None Include="ayataka\AreaMoveState.inl" />
    <None Include="ayataka\EraserManager.inl" />
    <None Include="ayataka\EraserStateBase.inl" />
    <None Include="ayataka\PointMoveState.inl" />
    <None Include="ayataka\RectangleDetection.inl" />
  </ItemGroup>
  <ItemGroup>
    <Text Include="readme.txt" />
  </ItemGroup>
</Project>